
Microsoft Visual Studio Solution File, Format Version 12.00
# Visual Studio Version 16
VisualStudioVersion = 16.0.31702.278
MinimumVisualStudioVersion = 10.0.40219.1
Project("{FAE04EC0-301F-11D3-BF4B-00C04F79EFBC}") = "CrudeC++++.net", "CrudeC++++.net\CrudeC++++.net.csproj", "{9451436D-66C0-46AE-84F0-D8848EF530E5}"
EndProject
Global
	GlobalSection(SolutionConfigurationPlatforms) = preSolution
		Debug|Any CPU = Debug|Any CPU
		Release|Any CPU = Release|Any CPU
	EndGlobalSection
	GlobalSection(ProjectConfigurationPlatforms) = postSolution
		{9451436D-66C0-46AE-84F0-D8848EF530E5}.Debug|Any CPU.ActiveCfg = Debug|Any CPU
		{9451436D-66C0-46AE-84F0-D8848EF530E5}.Debug|Any CPU.Build.0 = Debug|Any CPU
		{9451436D-66C0-46AE-84F0-D8848EF530E5}.Release|Any CPU.ActiveCfg = Release|Any CPU
		{9451436D-66C0-46AE-84F0-D8848EF530E5}.Release|Any CPU.Build.0 = Release|Any CPU
	EndGlobalSection
	GlobalSection(SolutionProperties) = preSolution
		HideSolutionNode = FALSE
	EndGlobalSection
	GlobalSection(ExtensibilityGlobals) = postSolution
		SolutionGuid = {D3E7DCB5-A11F-439F-8981-CB3A4866167B}
	EndGlobalSection
EndGlobal
